
Microsoft Visual Studio Solution File, Format Version 12.00
# Visual Studio 2013
VisualStudioVersion = 12.0.21005.1
MinimumVisualStudioVersion = 10.0.40219.1
Project("{FAE04EC0-301F-11D3-BF4B-00C04F79EFBC}") = "Portfolio", "Portfolio\Portfolio.csproj", "{A9C5FACC-EFF7-45B0-9D70-A716C576CF7F}"
EndProject
Project("{FAE04EC0-301F-11D3-BF4B-00C04F79EFBC}") = "Repository", "Repository\Repository.csproj", "{D2CD6123-20A8-40DB-B6C8-3AE64170D988}"
EndProject
Project("{2150E333-8FDC-42A3-9474-1A3956D46DE8}") = "Backend", "Backend", "{4C595567-F3E7-4AE1-ACD3-BACC23221A71}"
EndProject
Project("{FAE04EC0-301F-11D3-BF4B-00C04F79EFBC}") = "Model", "Model\Model.csproj", "{C8D70ED3-A3EE-44B2-B7A9-3C5960D27052}"
EndProject
Project("{FAE04EC0-301F-11D3-BF4B-00C04F79EFBC}") = "Util", "Util\Util.csproj", "{D0DD26E7-1D32-4E48-A8BC-B9CCE4B841F0}"
EndProject
Global
	GlobalSection(SolutionConfigurationPlatforms) = preSolution
		Debug|Any CPU = Debug|Any CPU
		Release|Any CPU = Release|Any CPU
	EndGlobalSection
	GlobalSection(ProjectConfigurationPlatforms) = postSolution
		{A9C5FACC-EFF7-45B0-9D70-A716C576CF7F}.Debug|Any CPU.ActiveCfg = Debug|Any CPU
		{A9C5FACC-EFF7-45B0-9D70-A716C576CF7F}.Debug|Any CPU.Build.0 = Debug|Any CPU
		{A9C5FACC-EFF7-45B0-9D70-A716C576CF7F}.Release|Any CPU.ActiveCfg = Release|Any CPU
		{A9C5FACC-EFF7-45B0-9D70-A716C576CF7F}.Release|Any CPU.Build.0 = Release|Any CPU
		{D2CD6123-20A8-40DB-B6C8-3AE64170D988}.Debug|Any CPU.ActiveCfg = Debug|Any CPU
		{D2CD6123-20A8-40DB-B6C8-3AE64170D988}.Debug|Any CPU.Build.0 = Debug|Any CPU
		{D2CD6123-20A8-40DB-B6C8-3AE64170D988}.Release|Any CPU.ActiveCfg = Release|Any CPU
		{D2CD6123-20A8-40DB-B6C8-3AE64170D988}.Release|Any CPU.Build.0 = Release|Any CPU
		{C8D70ED3-A3EE-44B2-B7A9-3C5960D27052}.Debug|Any CPU.ActiveCfg = Debug|Any CPU
		{C8D70ED3-A3EE-44B2-B7A9-3C5960D27052}.Debug|Any CPU.Build.0 = Debug|Any CPU
		{C8D70ED3-A3EE-44B2-B7A9-3C5960D27052}.Release|Any CPU.ActiveCfg = Release|Any CPU
		{C8D70ED3-A3EE-44B2-B7A9-3C5960D27052}.Release|Any CPU.Build.0 = Release|Any CPU
		{D0DD26E7-1D32-4E48-A8BC-B9CCE4B841F0}.Debug|Any CPU.ActiveCfg = Debug|Any CPU
		{D0DD26E7-1D32-4E48-A8BC-B9CCE4B841F0}.Debug|Any CPU.Build.0 = Debug|Any CPU
		{D0DD26E7-1D32-4E48-A8BC-B9CCE4B841F0}.Release|Any CPU.ActiveCfg = Release|Any CPU
		{D0DD26E7-1D32-4E48-A8BC-B9CCE4B841F0}.Release|Any CPU.Build.0 = Release|Any CPU
	EndGlobalSection
	GlobalSection(SolutionProperties) = preSolution
		HideSolutionNode = FALSE
	EndGlobalSection
	GlobalSection(NestedProjects) = preSolution
		{D2CD6123-20A8-40DB-B6C8-3AE64170D988} = {4C595567-F3E7-4AE1-ACD3-BACC23221A71}
		{C8D70ED3-A3EE-44B2-B7A9-3C5960D27052} = {4C595567-F3E7-4AE1-ACD3-BACC23221A71}
		{D0DD26E7-1D32-4E48-A8BC-B9CCE4B841F0} = {4C595567-F3E7-4AE1-ACD3-BACC23221A71}
	EndGlobalSection
EndGlobal
